// !$*UTF8*$!
{
	archiveVersion = 1;
	classes = {
	};
	objectVersion = 50;
	objects = {

/* Begin PBXBuildFile section */
		4F7765F024C0E3D700F89041 /* HLYTimePickerExperiment WatchKit App.app in Embed Watch Content */ = {isa = PBXBuildFile; fileRef = 4F7765EF24C0E3D700F89041 /* HLYTimePickerExperiment WatchKit App.app */; settings = {ATTRIBUTES = (RemoveHeadersOnCopy, ); }; };
		4F7765F524C0E3D900F89041 /* Assets.xcassets in Resources */ = {isa = PBXBuildFile; fileRef = 4F7765F424C0E3D900F89041 /* Assets.xcassets */; };
		4F7765FC24C0E3D900F89041 /* HLYTimePickerExperiment WatchKit Extension.appex in Embed App Extensions */ = {isa = PBXBuildFile; fileRef = 4F7765FB24C0E3D900F89041 /* HLYTimePickerExperiment WatchKit Extension.appex */; settings = {ATTRIBUTES = (RemoveHeadersOnCopy, ); }; };
		4F77660124C0E3D900F89041 /* HLYTimePickerExperimentApp.swift in Sources */ = {isa = PBXBuildFile; fileRef = 4F77660024C0E3D900F89041 /* HLYTimePickerExperimentApp.swift */; };
		4F77660324C0E3D900F89041 /* ContentView.swift in Sources */ = {isa = PBXBuildFile; fileRef = 4F77660224C0E3D900F89041 /* ContentView.swift */; };
		4F77660524C0E3D900F89041 /* NotificationController.swift in Sources */ = {isa = PBXBuildFile; fileRef = 4F77660424C0E3D900F89041 /* NotificationController.swift */; };
		4F77660724C0E3D900F89041 /* NotificationView.swift in Sources */ = {isa = PBXBuildFile; fileRef = 4F77660624C0E3D900F89041 /* NotificationView.swift */; };
		4F77660924C0E3D900F89041 /* ComplicationController.swift in Sources */ = {isa = PBXBuildFile; fileRef = 4F77660824C0E3D900F89041 /* ComplicationController.swift */; };
		4F77660B24C0E3DA00F89041 /* Assets.xcassets in Resources */ = {isa = PBXBuildFile; fileRef = 4F77660A24C0E3DA00F89041 /* Assets.xcassets */; };
		4F77660E24C0E3DA00F89041 /* Preview Assets.xcassets in Resources */ = {isa = PBXBuildFile; fileRef = 4F77660D24C0E3DA00F89041 /* Preview Assets.xcassets */; };
/* End PBXBuildFile section */

/* Begin PBXContainerItemProxy section */
		4F7765F124C0E3D700F89041 /* PBXContainerItemProxy */ = {
			isa = PBXContainerItemProxy;
			containerPortal = 4F7765E524C0E3D700F89041 /* Project object */;
			proxyType = 1;
			remoteGlobalIDString = 4F7765EE24C0E3D700F89041;
			remoteInfo = "HLYTimePickerExperiment WatchKit App";
		};
		4F7765FD24C0E3D900F89041 /* PBXContainerItemProxy */ = {
			isa = PBXContainerItemProxy;
			containerPortal = 4F7765E524C0E3D700F89041 /* Project object */;
			proxyType = 1;
			remoteGlobalIDString = 4F7765FA24C0E3D900F89041;
			remoteInfo = "HLYTimePickerExperiment WatchKit Extension";
		};
/* End PBXContainerItemProxy section */

/* Begin PBXCopyFilesBuildPhase section */
		4F77661624C0E3DA00F89041 /* Embed App Extensions */ = {
			isa = PBXCopyFilesBuildPhase;
			buildActionMask = 2147483647;
			dstPath = "";
			dstSubfolderSpec = 13;
			files = (
				4F7765FC24C0E3D900F89041 /* HLYTimePickerExperiment WatchKit Extension.appex in Embed App Extensions */,
			);
			name = "Embed App Extensions";
			runOnlyForDeploymentPostprocessing = 0;
		};
		4F77661A24C0E3DA00F89041 /* Embed Watch Content */ = {
			isa = PBXCopyFilesBuildPhase;
			buildActionMask = 2147483647;
			dstPath = "$(CONTENTS_FOLDER_PATH)/Watch";
			dstSubfolderSpec = 16;
			files = (
				4F7765F024C0E3D700F89041 /* HLYTimePickerExperiment WatchKit App.app in Embed Watch Content */,
			);
			name = "Embed Watch Content";
			runOnlyForDeploymentPostprocessing = 0;
		};
/* End PBXCopyFilesBuildPhase section */

/* Begin PBXFileReference section */
		4F7765EB24C0E3D700F89041 /* HLYTimePickerExperiment.app */ = {isa = PBXFileReference; explicitFileType = wrapper.application; includeInIndex = 0; path = HLYTimePickerExperiment.app; sourceTree = BUILT_PRODUCTS_DIR; };
		4F7765EF24C0E3D700F89041 /* HLYTimePickerExperiment WatchKit App.app */ = {isa = PBXFileReference; explicitFileType = wrapper.application; includeInIndex = 0; path = "HLYTimePickerExperiment WatchKit App.app"; sourceTree = BUILT_PRODUCTS_DIR; };
		4F7765F424C0E3D900F89041 /* Assets.xcassets */ = {isa = PBXFileReference; lastKnownFileType = folder.assetcatalog; path = Assets.xcassets; sourceTree = "<group>"; };
		4F7765F624C0E3D900F89041 /* Info.plist */ = {isa = PBXFileReference; lastKnownFileType = text.plist.xml; path = Info.plist; sourceTree = "<group>"; };
		4F7765FB24C0E3D900F89041 /* HLYTimePickerExperiment WatchKit Extension.appex */ = {isa = PBXFileReference; explicitFileType = "wrapper.app-extension"; includeInIndex = 0; path = "HLYTimePickerExperiment WatchKit Extension.appex"; sourceTree = BUILT_PRODUCTS_DIR; };
		4F77660024C0E3D900F89041 /* HLYTimePickerExperimentApp.swift */ = {isa = PBXFileReference; lastKnownFileType = sourcecode.swift; path = HLYTimePickerExperimentApp.swift; sourceTree = "<group>"; };
		4F77660224C0E3D900F89041 /* ContentView.swift */ = {isa = PBXFileReference; lastKnownFileType = sourcecode.swift; path = ContentView.swift; sourceTree = "<group>"; };
		4F77660424C0E3D900F89041 /* NotificationController.swift */ = {isa = PBXFileReference; lastKnownFileType = sourcecode.swift; path = NotificationController.swift; sourceTree = "<group>"; };
		4F77660624C0E3D900F89041 /* NotificationView.swift */ = {isa = PBXFileReference; lastKnownFileType = sourcecode.swift; path = NotificationView.swift; sourceTree = "<group>"; };
		4F77660824C0E3D900F89041 /* ComplicationController.swift */ = {isa = PBXFileReference; lastKnownFileType = sourcecode.swift; path = ComplicationController.swift; sourceTree = "<group>"; };
		4F77660A24C0E3DA00F89041 /* Assets.xcassets */ = {isa = PBXFileReference; lastKnownFileType = folder.assetcatalog; path = Assets.xcassets; sourceTree = "<group>"; };
		4F77660D24C0E3DA00F89041 /* Preview Assets.xcassets */ = {isa = PBXFileReference; lastKnownFileType = folder.assetcatalog; path = "Preview Assets.xcassets"; sourceTree = "<group>"; };
		4F77660F24C0E3DA00F89041 /* Info.plist */ = {isa = PBXFileReference; lastKnownFileType = text.plist.xml; path = Info.plist; sourceTree = "<group>"; };
		4F77661024C0E3DA00F89041 /* PushNotificationPayload.apns */ = {isa = PBXFileReference; lastKnownFileType = text; path = PushNotificationPayload.apns; sourceTree = "<group>"; };
/* End PBXFileReference section */

/* Begin PBXFrameworksBuildPhase section */
		4F7765F824C0E3D900F89041 /* Frameworks */ = {
			isa = PBXFrameworksBuildPhase;
			buildActionMask = 2147483647;
			files = (
			);
			runOnlyForDeploymentPostprocessing = 0;
		};
/* End PBXFrameworksBuildPhase section */

/* Begin PBXGroup section */
		4F7765E424C0E3D700F89041 = {
			isa = PBXGroup;
			children = (
				4F7765F324C0E3D700F89041 /* HLYTimePickerExperiment WatchKit App */,
				4F7765FF24C0E3D900F89041 /* HLYTimePickerExperiment WatchKit Extension */,
				4F7765EC24C0E3D700F89041 /* Products */,
			);
			sourceTree = "<group>";
		};
		4F7765EC24C0E3D700F89041 /* Products */ = {
			isa = PBXGroup;
			children = (
				4F7765EB24C0E3D700F89041 /* HLYTimePickerExperiment.app */,
				4F7765EF24C0E3D700F89041 /* HLYTimePickerExperiment WatchKit App.app */,
				4F7765FB24C0E3D900F89041 /* HLYTimePickerExperiment WatchKit Extension.appex */,
			);
			name = Products;
			sourceTree = "<group>";
		};
		4F7765F324C0E3D700F89041 /* HLYTimePickerExperiment WatchKit App */ = {
			isa = PBXGroup;
			children = (
				4F7765F424C0E3D900F89041 /* Assets.xcassets */,
				4F7765F624C0E3D900F89041 /* Info.plist */,
			);
			path = "HLYTimePickerExperiment WatchKit App";
			sourceTree = "<group>";
		};
		4F7765FF24C0E3D900F89041 /* HLYTimePickerExperiment WatchKit Extension */ = {
			isa = PBXGroup;
			children = (
				4F77660024C0E3D900F89041 /* HLYTimePickerExperimentApp.swift */,
				4F77660224C0E3D900F89041 /* ContentView.swift */,
				4F77660424C0E3D900F89041 /* NotificationController.swift */,
				4F77660624C0E3D900F89041 /* NotificationView.swift */,
				4F77660824C0E3D900F89041 /* ComplicationController.swift */,
				4F77660A24C0E3DA00F89041 /* Assets.xcassets */,
				4F77660F24C0E3DA00F89041 /* Info.plist */,
				4F77661024C0E3DA00F89041 /* PushNotificationPayload.apns */,
				4F77660C24C0E3DA00F89041 /* Preview Content */,
			);
			path = "HLYTimePickerExperiment WatchKit Extension";
			sourceTree = "<group>";
		};
		4F77660C24C0E3DA00F89041 /* Preview Content */ = {
			isa = PBXGroup;
			children = (
				4F77660D24C0E3DA00F89041 /* Preview Assets.xcassets */,
			);
			path = "Preview Content";
			sourceTree = "<group>";
		};
/* End PBXGroup section */

/* Begin PBXNativeTarget section */
		4F7765EA24C0E3D700F89041 /* HLYTimePickerExperiment */ = {
			isa = PBXNativeTarget;
			buildConfigurationList = 4F77661B24C0E3DA00F89041 /* Build configuration list for PBXNativeTarget "HLYTimePickerExperiment" */;
			buildPhases = (
				4F7765E924C0E3D700F89041 /* Resources */,
				4F77661A24C0E3DA00F89041 /* Embed Watch Content */,
			);
			buildRules = (
			);
			dependencies = (
				4F7765F224C0E3D700F89041 /* PBXTargetDependency */,
			);
			name = HLYTimePickerExperiment;
			productName = HLYTimePickerExperiment;
			productReference = 4F7765EB24C0E3D700F89041 /* HLYTimePickerExperiment.app */;
			productType = "com.apple.product-type.application.watchapp2-container";
		};
		4F7765EE24C0E3D700F89041 /* HLYTimePickerExperiment WatchKit App */ = {
			isa = PBXNativeTarget;
			buildConfigurationList = 4F77661724C0E3DA00F89041 /* Build configuration list for PBXNativeTarget "HLYTimePickerExperiment WatchKit App" */;
			buildPhases = (
				4F7765ED24C0E3D700F89041 /* Resources */,
				4F77661624C0E3DA00F89041 /* Embed App Extensions */,
			);
			buildRules = (
			);
			dependencies = (
				4F7765FE24C0E3D900F89041 /* PBXTargetDependency */,
			);
			name = "HLYTimePickerExperiment WatchKit App";
			productName = "HLYTimePickerExperiment WatchKit App";
			productReference = 4F7765EF24C0E3D700F89041 /* HLYTimePickerExperiment WatchKit App.app */;
			productType = "com.apple.product-type.application.watchapp2";
		};
		4F7765FA24C0E3D900F89041 /* HLYTimePickerExperiment WatchKit Extension */ = {
			isa = PBXNativeTarget;
			buildConfigurationList = 4F77661324C0E3DA00F89041 /* Build configuration list for PBXNativeTarget "HLYTimePickerExperiment WatchKit Extension" */;
			buildPhases = (
				4F7765F724C0E3D900F89041 /* Sources */,
				4F7765F824C0E3D900F89041 /* Frameworks */,
				4F7765F924C0E3D900F89041 /* Resources */,
			);
			buildRules = (
			);
			dependencies = (
			);
			name = "HLYTimePickerExperiment WatchKit Extension";
			productName = "HLYTimePickerExperiment WatchKit Extension";
			productReference = 4F7765FB24C0E3D900F89041 /* HLYTimePickerExperiment WatchKit Extension.appex */;
			productType = "com.apple.product-type.watchkit2-extension";
		};
/* End PBXNativeTarget section */

/* Begin PBXProject section */
		4F7765E524C0E3D700F89041 /* Project object */ = {
			isa = PBXProject;
			attributes = {
				LastSwiftUpdateCheck = 1200;
				LastUpgradeCheck = 1200;
				TargetAttributes = {
					4F7765EA24C0E3D700F89041 = {
						CreatedOnToolsVersion = 12.0;
					};
					4F7765EE24C0E3D700F89041 = {
						CreatedOnToolsVersion = 12.0;
					};
					4F7765FA24C0E3D900F89041 = {
						CreatedOnToolsVersion = 12.0;
					};
				};
			};
			buildConfigurationList = 4F7765E824C0E3D700F89041 /* Build configuration list for PBXProject "HLYTimePickerExperiment" */;
			compatibilityVersion = "Xcode 9.3";
			developmentRegion = en;
			hasScannedForEncodings = 0;
			knownRegions = (
				en,
				Base,
			);
			mainGroup = 4F7765E424C0E3D700F89041;
			productRefGroup = 4F7765EC24C0E3D700F89041 /* Products */;
			projectDirPath = "";
			projectRoot = "";
			targets = (
				4F7765EA24C0E3D700F89041 /* HLYTimePickerExperiment */,
				4F7765EE24C0E3D700F89041 /* HLYTimePickerExperiment WatchKit App */,
				4F7765FA24C0E3D900F89041 /* HLYTimePickerExperiment WatchKit Extension */,
			);
		};
/* End PBXProject section */

/* Begin PBXResourcesBuildPhase section */
		4F7765E924C0E3D700F89041 /* Resources */ = {
			isa = PBXResourcesBuildPhase;
			buildActionMask = 2147483647;
			files = (
			);
			runOnlyForDeploymentPostprocessing = 0;
		};
		4F7765ED24C0E3D700F89041 /* Resources */ = {
			isa = PBXResourcesBuildPhase;
			buildActionMask = 2147483647;
			files = (
				4F7765F524C0E3D900F89041 /* Assets.xcassets in Resources */,
			);
			runOnlyForDeploymentPostprocessing = 0;
		};
		4F7765F924C0E3D900F89041 /* Resources */ = {
			isa = PBXResourcesBuildPhase;
			buildActionMask = 2147483647;
			files = (
				4F77660E24C0E3DA00F89041 /* Preview Assets.xcassets in Resources */,
				4F77660B24C0E3DA00F89041 /* Assets.xcassets in Resources */,
			);
			runOnlyForDeploymentPostprocessing = 0;
		};
/* End PBXResourcesBuildPhase section */

/* Begin PBXSourcesBuildPhase section */
		4F7765F724C0E3D900F89041 /* Sources */ = {
			isa = PBXSourcesBuildPhase;
			buildActionMask = 2147483647;
			files = (
				4F77660524C0E3D900F89041 /* NotificationController.swift in Sources */,
				4F77660324C0E3D900F89041 /* ContentView.swift in Sources */,
				4F77660924C0E3D900F89041 /* ComplicationController.swift in Sources */,
				4F77660124C0E3D900F89041 /* HLYTimePickerExperimentApp.swift in Sources */,
				4F77660724C0E3D900F89041 /* NotificationView.swift in Sources */,
			);
			runOnlyForDeploymentPostprocessing = 0;
		};
/* End PBXSourcesBuildPhase section */

/* Begin PBXTargetDependency section */
		4F7765F224C0E3D700F89041 /* PBXTargetDependency */ = {
			isa = PBXTargetDependency;
			target = 4F7765EE24C0E3D700F89041 /* HLYTimePickerExperiment WatchKit App */;
			targetProxy = 4F7765F124C0E3D700F89041 /* PBXContainerItemProxy */;
		};
		4F7765FE24C0E3D900F89041 /* PBXTargetDependency */ = {
			isa = PBXTargetDependency;
			target = 4F7765FA24C0E3D900F89041 /* HLYTimePickerExperiment WatchKit Extension */;
			targetProxy = 4F7765FD24C0E3D900F89041 /* PBXContainerItemProxy */;
		};
/* End PBXTargetDependency section */

/* Begin XCBuildConfiguration section */
		4F77661124C0E3DA00F89041 /* Debug */ = {
			isa = XCBuildConfiguration;
			buildSettings = {
				ALWAYS_SEARCH_USER_PATHS = NO;
				CLANG_ANALYZER_NONNULL = YES;
				CLANG_ANALYZER_NUMBER_OBJECT_CONVERSION = YES_AGGRESSIVE;
				CLANG_CXX_LANGUAGE_STANDARD = "gnu++14";
				CLANG_CXX_LIBRARY = "libc++";
				CLANG_ENABLE_MODULES = YES;
				CLANG_ENABLE_OBJC_ARC = YES;
				CLANG_ENABLE_OBJC_WEAK = YES;
				CLANG_WARN_BLOCK_CAPTURE_AUTORELEASING = YES;
				CLANG_WARN_BOOL_CONVERSION = YES;
				CLANG_WARN_COMMA = YES;
				CLANG_WARN_CONSTANT_CONVERSION = YES;
				CLANG_WARN_DEPRECATED_OBJC_IMPLEMENTATIONS = YES;
				CLANG_WARN_DIRECT_OBJC_ISA_USAGE = YES_ERROR;
				CLANG_WARN_DOCUMENTATION_COMMENTS = YES;
				CLANG_WARN_EMPTY_BODY = YES;
				CLANG_WARN_ENUM_CONVERSION = YES;
				CLANG_WARN_INFINITE_RECURSION = YES;
				CLANG_WARN_INT_CONVERSION = YES;
				CLANG_WARN_NON_LITERAL_NULL_CONVERSION = YES;
				CLANG_WARN_OBJC_IMPLICIT_RETAIN_SELF = YES;
				CLANG_WARN_OBJC_LITERAL_CONVERSION = YES;
				CLANG_WARN_OBJC_ROOT_CLASS = YES_ERROR;
				CLANG_WARN_QUOTED_INCLUDE_IN_FRAMEWORK_HEADER = YES;
				CLANG_WARN_RANGE_LOOP_ANALYSIS = YES;
				CLANG_WARN_STRICT_PROTOTYPES = YES;
				CLANG_WARN_SUSPICIOUS_MOVE = YES;
				CLANG_WARN_UNGUARDED_AVAILABILITY = YES_AGGRESSIVE;
				CLANG_WARN_UNREACHABLE_CODE = YES;
				CLANG_WARN__DUPLICATE_METHOD_MATCH = YES;
				COPY_PHASE_STRIP = NO;
				DEBUG_INFORMATION_FORMAT = dwarf;
				ENABLE_STRICT_OBJC_MSGSEND = YES;
				ENABLE_TESTABILITY = YES;
				GCC_C_LANGUAGE_STANDARD = gnu11;
				GCC_DYNAMIC_NO_PIC = NO;
				GCC_NO_COMMON_BLOCKS = YES;
				GCC_OPTIMIZATION_LEVEL = 0;
				GCC_PREPROCESSOR_DEFINITIONS = (
					"DEBUG=1",
					"$(inherited)",
				);
				GCC_WARN_64_TO_32_BIT_CONVERSION = YES;
				GCC_WARN_ABOUT_RETURN_TYPE = YES_ERROR;
				GCC_WARN_UNDECLARED_SELECTOR = YES;
				GCC_WARN_UNINITIALIZED_AUTOS = YES_AGGRESSIVE;
				GCC_WARN_UNUSED_FUNCTION = YES;
				GCC_WARN_UNUSED_VARIABLE = YES;
				MTL_ENABLE_DEBUG_INFO = INCLUDE_SOURCE;
				MTL_FAST_MATH = YES;
				ONLY_ACTIVE_ARCH = YES;
				SDKROOT = iphoneos;
				SWIFT_ACTIVE_COMPILATION_CONDITIONS = DEBUG;
				SWIFT_OPTIMIZATION_LEVEL = "-Onone";
			};
			name = Debug;
		};
		4F77661224C0E3DA00F89041 /* Release */ = {
			isa = XCBuildConfiguration;
			buildSettings = {
				ALWAYS_SEARCH_USER_PATHS = NO;
				CLANG_ANALYZER_NONNULL = YES;
				CLANG_ANALYZER_NUMBER_OBJECT_CONVERSION = YES_AGGRESSIVE;
				CLANG_CXX_LANGUAGE_STANDARD = "gnu++14";
				CLANG_CXX_LIBRARY = "libc++";
				CLANG_ENABLE_MODULES = YES;
				CLANG_ENABLE_OBJC_ARC = YES;
				CLANG_ENABLE_OBJC_WEAK = YES;
				CLANG_WARN_BLOCK_CAPTURE_AUTORELEASING = YES;
				CLANG_WARN_BOOL_CONVERSION = YES;
				CLANG_WARN_COMMA = YES;
				CLANG_WARN_CONSTANT_CONVERSION = YES;
				CLANG_WARN_DEPRECATED_OBJC_IMPLEMENTATIONS = YES;
				CLANG_WARN_DIRECT_OBJC_ISA_USAGE = YES_ERROR;
				CLANG_WARN_DOCUMENTATION_COMMENTS = YES;
				CLANG_WARN_EMPTY_BODY = YES;
				CLANG_WARN_ENUM_CONVERSION = YES;
				CLANG_WARN_INFINITE_RECURSION = YES;
				CLANG_WARN_INT_CONVERSION = YES;
				CLANG_WARN_NON_LITERAL_NULL_CONVERSION = YES;
				CLANG_WARN_OBJC_IMPLICIT_RETAIN_SELF = YES;
				CLANG_WARN_OBJC_LITERAL_CONVERSION = YES;
				CLANG_WARN_OBJC_ROOT_CLASS = YES_ERROR;
				CLANG_WARN_QUOTED_INCLUDE_IN_FRAMEWORK_HEADER = YES;
				CLANG_WARN_RANGE_LOOP_ANALYSIS = YES;
				CLANG_WARN_STRICT_PROTOTYPES = YES;
				CLANG_WARN_SUSPICIOUS_MOVE = YES;
				CLANG_WARN_UNGUARDED_AVAILABILITY = YES_AGGRESSIVE;
				CLANG_WARN_UNREACHABLE_CODE = YES;
				CLANG_WARN__DUPLICATE_METHOD_MATCH = YES;
				COPY_PHASE_STRIP = NO;
				DEBUG_INFORMATION_FORMAT = "dwarf-with-dsym";
				ENABLE_NS_ASSERTIONS = NO;
				ENABLE_STRICT_OBJC_MSGSEND = YES;
				GCC_C_LANGUAGE_STANDARD = gnu11;
				GCC_NO_COMMON_BLOCKS = YES;
				GCC_WARN_64_TO_32_BIT_CONVERSION = YES;
				GCC_WARN_ABOUT_RETURN_TYPE = YES_ERROR;
				GCC_WARN_UNDECLARED_SELECTOR = YES;
				GCC_WARN_UNINITIALIZED_AUTOS = YES_AGGRESSIVE;
				GCC_WARN_UNUSED_FUNCTION = YES;
				GCC_WARN_UNUSED_VARIABLE = YES;
				MTL_ENABLE_DEBUG_INFO = NO;
				MTL_FAST_MATH = YES;
				SDKROOT = iphoneos;
				SWIFT_COMPILATION_MODE = wholemodule;
				SWIFT_OPTIMIZATION_LEVEL = "-O";
				VALIDATE_PRODUCT = YES;
			};
			name = Release;
		};
		4F77661424C0E3DA00F89041 /* Debug */ = {
			isa = XCBuildConfiguration;
			buildSettings = {
				ASSETCATALOG_COMPILER_COMPLICATION_NAME = Complication;
				CODE_SIGN_STYLE = Automatic;
				DEVELOPMENT_ASSET_PATHS = "\"HLYTimePickerExperiment WatchKit Extension/Preview Content\"";
				DEVELOPMENT_TEAM = VQCYSNZB89;
				ENABLE_PREVIEWS = YES;
				INFOPLIST_FILE = "HLYTimePickerExperiment WatchKit Extension/Info.plist";
				LD_RUNPATH_SEARCH_PATHS = (
					"$(inherited)",
					"@executable_path/Frameworks",
					"@executable_path/../../Frameworks",
				);
				PRODUCT_BUNDLE_IDENTIFIER = net.tenshu.HLYTimePickerExperiment.watchkitapp.watchkitextension;
				PRODUCT_NAME = "${TARGET_NAME}";
				SDKROOT = watchos;
				SKIP_INSTALL = YES;
				SWIFT_VERSION = 5.0;
				TARGETED_DEVICE_FAMILY = 4;
				WATCHOS_DEPLOYMENT_TARGET = 7.0;
			};
			name = Debug;
		};
		4F77661524C0E3DA00F89041 /* Release */ = {
			isa = XCBuildConfiguration;
			buildSettings = {
				ASSETCATALOG_COMPILER_COMPLICATION_NAME = Complication;
				CODE_SIGN_STYLE = Automatic;
				DEVELOPMENT_ASSET_PATHS = "\"HLYTimePickerExperiment WatchKit Extension/Preview Content\"";
				DEVELOPMENT_TEAM = VQCYSNZB89;
				ENABLE_PREVIEWS = YES;
				INFOPLIST_FILE = "HLYTimePickerExperiment WatchKit Extension/Info.plist";
				LD_RUNPATH_SEARCH_PATHS = (
					"$(inherited)",
					"@executable_path/Frameworks",
					"@executable_path/../../Frameworks",
				);
				PRODUCT_BUNDLE_IDENTIFIER = net.tenshu.HLYTimePickerExperiment.watchkitapp.watchkitextension;
				PRODUCT_NAME = "${TARGET_NAME}";
				SDKROOT = watchos;
				SKIP_INSTALL = YES;
				SWIFT_VERSION = 5.0;
				TARGETED_DEVICE_FAMILY = 4;
				WATCHOS_DEPLOYMENT_TARGET = 7.0;
			};
			name = Release;
		};
		4F77661824C0E3DA00F89041 /* Debug */ = {
			isa = XCBuildConfiguration;
			buildSettings = {
				ALWAYS_EMBED_SWIFT_STANDARD_LIBRARIES = YES;
				ASSETCATALOG_COMPILER_APPICON_NAME = AppIcon;
				ASSETCATALOG_COMPILER_GLOBAL_ACCENT_COLOR_NAME = AccentColor;
				CODE_SIGN_STYLE = Automatic;
				DEVELOPMENT_TEAM = VQCYSNZB89;
				IBSC_MODULE = HLYTimePickerExperiment_WatchKit_Extension;
				INFOPLIST_FILE = "HLYTimePickerExperiment WatchKit App/Info.plist";
				PRODUCT_BUNDLE_IDENTIFIER = net.tenshu.HLYTimePickerExperiment.watchkitapp;
				PRODUCT_NAME = "$(TARGET_NAME)";
				SDKROOT = watchos;
				SKIP_INSTALL = YES;
				SWIFT_VERSION = 5.0;
				TARGETED_DEVICE_FAMILY = 4;
				WATCHOS_DEPLOYMENT_TARGET = 7.0;
			};
			name = Debug;
		};
		4F77661924C0E3DA00F89041 /* Release */ = {
			isa = XCBuildConfiguration;
			buildSettings = {
				ALWAYS_EMBED_SWIFT_STANDARD_LIBRARIES = YES;
				ASSETCATALOG_COMPILER_APPICON_NAME = AppIcon;
				ASSETCATALOG_COMPILER_GLOBAL_ACCENT_COLOR_NAME = AccentColor;
				CODE_SIGN_STYLE = Automatic;
				DEVELOPMENT_TEAM = VQCYSNZB89;
				IBSC_MODULE = HLYTimePickerExperiment_WatchKit_Extension;
				INFOPLIST_FILE = "HLYTimePickerExperiment WatchKit App/Info.plist";
				PRODUCT_BUNDLE_IDENTIFIER = net.tenshu.HLYTimePickerExperiment.watchkitapp;
				PRODUCT_NAME = "$(TARGET_NAME)";
				SDKROOT = watchos;
				SKIP_INSTALL = YES;
				SWIFT_VERSION = 5.0;
				TARGETED_DEVICE_FAMILY = 4;
				WATCHOS_DEPLOYMENT_TARGET = 7.0;
			};
			name = Release;
		};
		4F77661C24C0E3DA00F89041 /* Debug */ = {
			isa = XCBuildConfiguration;
			buildSettings = {
				CODE_SIGN_STYLE = Automatic;
				CURRENT_PROJECT_VERSION = 1;
				DEVELOPMENT_TEAM = VQCYSNZB89;
				MARKETING_VERSION = 1.0;
				PRODUCT_BUNDLE_IDENTIFIER = net.tenshu.HLYTimePickerExperiment;
				PRODUCT_NAME = "$(TARGET_NAME)";
				SWIFT_VERSION = 5.0;
			};
			name = Debug;
		};
		4F77661D24C0E3DA00F89041 /* Release */ = {
			isa = XCBuildConfiguration;
			buildSettings = {
				CODE_SIGN_STYLE = Automatic;
				CURRENT_PROJECT_VERSION = 1;
				DEVELOPMENT_TEAM = VQCYSNZB89;
				MARKETING_VERSION = 1.0;
				PRODUCT_BUNDLE_IDENTIFIER = net.tenshu.HLYTimePickerExperiment;
				PRODUCT_NAME = "$(TARGET_NAME)";
				SWIFT_VERSION = 5.0;
			};
			name = Release;
		};
/* End XCBuildConfiguration section */

/* Begin XCConfigurationList section */
		4F7765E824C0E3D700F89041 /* Build configuration list for PBXProject "HLYTimePickerExperiment" */ = {
			isa = XCConfigurationList;
			buildConfigurations = (
				4F77661124C0E3DA00F89041 /* Debug */,
				4F77661224C0E3DA00F89041 /* Release */,
			);
			defaultConfigurationIsVisible = 0;
			defaultConfigurationName = Release;
		};
		4F77661324C0E3DA00F89041 /* Build configuration list for PBXNativeTarget "HLYTimePickerExperiment WatchKit Extension" */ = {
			isa = XCConfigurationList;
			buildConfigurations = (
				4F77661424C0E3DA00F89041 /* Debug */,
				4F77661524C0E3DA00F89041 /* Release */,
			);
			defaultConfigurationIsVisible = 0;
			defaultConfigurationName = Release;
		};
		4F77661724C0E3DA00F89041 /* Build configuration list for PBXNativeTarget "HLYTimePickerExperiment WatchKit App" */ = {
			isa = XCConfigurationList;
			buildConfigurations = (
				4F77661824C0E3DA00F89041 /* Debug */,
				4F77661924C0E3DA00F89041 /* Release */,
			);
			defaultConfigurationIsVisible = 0;
			defaultConfigurationName = Release;
		};
		4F77661B24C0E3DA00F89041 /* Build configuration list for PBXNativeTarget "HLYTimePickerExperiment" */ = {
			isa = XCConfigurationList;
			buildConfigurations = (
				4F77661C24C0E3DA00F89041 /* Debug */,
				4F77661D24C0E3DA00F89041 /* Release */,
			);
			defaultConfigurationIsVisible = 0;
			defaultConfigurationName = Release;
		};
/* End XCConfigurationList section */
	};
	rootObject = 4F7765E524C0E3D700F89041 /* Project object */;
}
